
Microsoft Visual Studio Solution File, Format Version 12.00
# Visual Studio Version 16
VisualStudioVersion = 16.0.31402.337
MinimumVisualStudioVersion = 10.0.40219.1
Project("{FAE04EC0-301F-11D3-BF4B-00C04F79EFBC}") = "UI", "UI\UI.csproj", "{E7BEDE04-54C1-4ED9-B21B-B140C288F7BA}"
EndProject
Project("{FAE04EC0-301F-11D3-BF4B-00C04F79EFBC}") = "BLL", "BLL\BLL.csproj", "{1FA08988-2921-4EAD-A477-CBC563DB0DAF}"
EndProject
Global
	GlobalSection(SolutionConfigurationPlatforms) = preSolution
		Debug|Any CPU = Debug|Any CPU
		Release|Any CPU = Release|Any CPU
	EndGlobalSection
	GlobalSection(ProjectConfigurationPlatforms) = postSolution
		{E7BEDE04-54C1-4ED9-B21B-B140C288F7BA}.Debug|Any CPU.ActiveCfg = Debug|Any CPU
		{E7BEDE04-54C1-4ED9-B21B-B140C288F7BA}.Debug|Any CPU.Build.0 = Debug|Any CPU
		{E7BEDE04-54C1-4ED9-B21B-B140C288F7BA}.Release|Any CPU.ActiveCfg = Release|Any CPU
		{E7BEDE04-54C1-4ED9-B21B-B140C288F7BA}.Release|Any CPU.Build.0 = Release|Any CPU
		{1FA08988-2921-4EAD-A477-CBC563DB0DAF}.Debug|Any CPU.ActiveCfg = Debug|Any CPU
		{1FA08988-2921-4EAD-A477-CBC563DB0DAF}.Debug|Any CPU.Build.0 = Debug|Any CPU
		{1FA08988-2921-4EAD-A477-CBC563DB0DAF}.Release|Any CPU.ActiveCfg = Release|Any CPU
		{1FA08988-2921-4EAD-A477-CBC563DB0DAF}.Release|Any CPU.Build.0 = Release|Any CPU
	EndGlobalSection
	GlobalSection(SolutionProperties) = preSolution
		HideSolutionNode = FALSE
	EndGlobalSection
	GlobalSection(ExtensibilityGlobals) = postSolution
		SolutionGuid = {154CF58A-711C-4E36-8142-6CEACA308417}
	EndGlobalSection
EndGlobal
